// !$*UTF8*$!
{
	archiveVersion = 1;
	classes = {
	};
	objectVersion = 55;
	objects = {

/* Begin PBXBuildFile section */
		3E1DDA372850D679004AB6BC /* StartViewController.swift in Sources */ = {isa = PBXBuildFile; fileRef = 3E1DDA362850D679004AB6BC /* StartViewController.swift */; };
		3E1DDA392850D929004AB6BC /* SignUpViewController.swift in Sources */ = {isa = PBXBuildFile; fileRef = 3E1DDA382850D929004AB6BC /* SignUpViewController.swift */; };
		3E1DDA602850EE32004AB6BC /* TabbarController.swift in Sources */ = {isa = PBXBuildFile; fileRef = 3E1DDA5F2850EE32004AB6BC /* TabbarController.swift */; };
		3E1DDA882852919B004AB6BC /* Line.swift in Sources */ = {isa = PBXBuildFile; fileRef = 3E1DDA872852919B004AB6BC /* Line.swift */; };
		3E20AA4B2852B274006D7E1D /* EditProfileController.swift in Sources */ = {isa = PBXBuildFile; fileRef = 3E20AA4A2852B274006D7E1D /* EditProfileController.swift */; };
		3E2B6AC4284D483F001DBD74 /* GetHelpController.swift in Sources */ = {isa = PBXBuildFile; fileRef = 3E2B6AC3284D483E001DBD74 /* GetHelpController.swift */; };
		3E2FF660284F99BF006800F2 /* SideMenuElement.swift in Sources */ = {isa = PBXBuildFile; fileRef = 3E2FF65F284F99BF006800F2 /* SideMenuElement.swift */; };
		3E2FF663284F9B14006800F2 /* SideMenuCell.swift in Sources */ = {isa = PBXBuildFile; fileRef = 3E2FF661284F9B14006800F2 /* SideMenuCell.swift */; };
		3E2FF664284F9B14006800F2 /* SideMenuCell.xib in Resources */ = {isa = PBXBuildFile; fileRef = 3E2FF662284F9B14006800F2 /* SideMenuCell.xib */; };
		3E2FF667284FA816006800F2 /* AboutController.swift in Sources */ = {isa = PBXBuildFile; fileRef = 3E2FF666284FA816006800F2 /* AboutController.swift */; };
		3E2FF669284FA82D006800F2 /* DonateController.swift in Sources */ = {isa = PBXBuildFile; fileRef = 3E2FF668284FA82D006800F2 /* DonateController.swift */; };
		3E2FF66B284FA857006800F2 /* FeedBackController.swift in Sources */ = {isa = PBXBuildFile; fileRef = 3E2FF66A284FA857006800F2 /* FeedBackController.swift */; };
		3E2FF66D284FA868006800F2 /* ShareController.swift in Sources */ = {isa = PBXBuildFile; fileRef = 3E2FF66C284FA868006800F2 /* ShareController.swift */; };
		3E30D0A7285810240035AA6B /* YellowButton.swift in Sources */ = {isa = PBXBuildFile; fileRef = 3E30D0A6285810240035AA6B /* YellowButton.swift */; };
		3E3358682854AEAF009A65E9 /* CustomSegmentedControl.swift in Sources */ = {isa = PBXBuildFile; fileRef = 3E3358672854AEAF009A65E9 /* CustomSegmentedControl.swift */; };
		3E3622A0285CB97200802C3D /* RoundImageView.swift in Sources */ = {isa = PBXBuildFile; fileRef = 3E36229F285CB97200802C3D /* RoundImageView.swift */; };
		3E3622F6285DEE3800802C3D /* CustomAlert.swift in Sources */ = {isa = PBXBuildFile; fileRef = 3E3622F4285DEE3800802C3D /* CustomAlert.swift */; };
		3E3622F7285DEE3800802C3D /* CustomAlert.xib in Resources */ = {isa = PBXBuildFile; fileRef = 3E3622F5285DEE3800802C3D /* CustomAlert.xib */; };
		3E4D00B5284A99D40050B9B5 /* AppDelegate.swift in Sources */ = {isa = PBXBuildFile; fileRef = 3E4D00B4284A99D40050B9B5 /* AppDelegate.swift */; };
		3E4D00B7284A99D40050B9B5 /* SceneDelegate.swift in Sources */ = {isa = PBXBuildFile; fileRef = 3E4D00B6284A99D40050B9B5 /* SceneDelegate.swift */; };
		3E4D00BC284A99D40050B9B5 /* Main.storyboard in Resources */ = {isa = PBXBuildFile; fileRef = 3E4D00BA284A99D40050B9B5 /* Main.storyboard */; };
		3E4D00BF284A99D40050B9B5 /* Dopomoha.xcdatamodeld in Sources */ = {isa = PBXBuildFile; fileRef = 3E4D00BD284A99D40050B9B5 /* Dopomoha.xcdatamodeld */; };
		3E4D00C1284A99D60050B9B5 /* Assets.xcassets in Resources */ = {isa = PBXBuildFile; fileRef = 3E4D00C0284A99D60050B9B5 /* Assets.xcassets */; };
		3E4D00C4284A99D60050B9B5 /* LaunchScreen.storyboard in Resources */ = {isa = PBXBuildFile; fileRef = 3E4D00C2284A99D60050B9B5 /* LaunchScreen.storyboard */; };
		3E4D00CC284AA1A90050B9B5 /* SideMenuDetailController.swift in Sources */ = {isa = PBXBuildFile; fileRef = 3E4D00CB284AA1A90050B9B5 /* SideMenuDetailController.swift */; };
		3E588CC22853576C00858CD2 /* EditProfileTextField.swift in Sources */ = {isa = PBXBuildFile; fileRef = 3E588CC12853576C00858CD2 /* EditProfileTextField.swift */; };
		3E7B46622858CD3100A25A27 /* MyHelpController.swift in Sources */ = {isa = PBXBuildFile; fileRef = 3E7B46612858CD3100A25A27 /* MyHelpController.swift */; };
		3E7B46642858CE5900A25A27 /* File.swift in Sources */ = {isa = PBXBuildFile; fileRef = 3E7B46632858CE5900A25A27 /* File.swift */; };
		3E7B46692858D76300A25A27 /* HelpPrototypeCell.swift in Sources */ = {isa = PBXBuildFile; fileRef = 3E7B46672858D76300A25A27 /* HelpPrototypeCell.swift */; };
		3E7B466A2858D76300A25A27 /* HelpPrototypeCell.xib in Resources */ = {isa = PBXBuildFile; fileRef = 3E7B46682858D76300A25A27 /* HelpPrototypeCell.xib */; };
		3E8A2101284D5085005B0EB1 /* NewQueryController.swift in Sources */ = {isa = PBXBuildFile; fileRef = 3E8A2100284D5085005B0EB1 /* NewQueryController.swift */; };
		3E8A2103284D53EB005B0EB1 /* NeedHelpController.swift in Sources */ = {isa = PBXBuildFile; fileRef = 3E8A2102284D53EB005B0EB1 /* NeedHelpController.swift */; };
		3E8A210B284D5C59005B0EB1 /* HelpCell.swift in Sources */ = {isa = PBXBuildFile; fileRef = 3E8A210A284D5C59005B0EB1 /* HelpCell.swift */; };
		3EED68932856A59E00534A2A /* CheckBox.swift in Sources */ = {isa = PBXBuildFile; fileRef = 3EED68922856A59E00534A2A /* CheckBox.swift */; };
		3EED689828576E7800534A2A /* HelpQueryCell.swift in Sources */ = {isa = PBXBuildFile; fileRef = 3EED689628576E7800534A2A /* HelpQueryCell.swift */; };
		3EED689928576E7800534A2A /* HelpQueryCell.xib in Resources */ = {isa = PBXBuildFile; fileRef = 3EED689728576E7800534A2A /* HelpQueryCell.xib */; };
		3EED689B2857851B00534A2A /* CreateQueryController.swift in Sources */ = {isa = PBXBuildFile; fileRef = 3EED689A2857851B00534A2A /* CreateQueryController.swift */; };
		D1A56334E3AC96299A78BCAD /* Pods_Dopomoha.framework in Frameworks */ = {isa = PBXBuildFile; fileRef = EDD7A1D695F52F2AA9751FE4 /* Pods_Dopomoha.framework */; };
/* End PBXBuildFile section */

/* Begin PBXFileReference section */
		3E1DDA362850D679004AB6BC /* StartViewController.swift */ = {isa = PBXFileReference; lastKnownFileType = sourcecode.swift; path = StartViewController.swift; sourceTree = "<group>"; };
		3E1DDA382850D929004AB6BC /* SignUpViewController.swift */ = {isa = PBXFileReference; lastKnownFileType = sourcecode.swift; path = SignUpViewController.swift; sourceTree = "<group>"; };
		3E1DDA5F2850EE32004AB6BC /* TabbarController.swift */ = {isa = PBXFileReference; lastKnownFileType = sourcecode.swift; path = TabbarController.swift; sourceTree = "<group>"; };
		3E1DDA872852919B004AB6BC /* Line.swift */ = {isa = PBXFileReference; lastKnownFileType = sourcecode.swift; path = Line.swift; sourceTree = "<group>"; };
		3E20AA4A2852B274006D7E1D /* EditProfileController.swift */ = {isa = PBXFileReference; lastKnownFileType = sourcecode.swift; path = EditProfileController.swift; sourceTree = "<group>"; };
		3E2B6AC3284D483E001DBD74 /* GetHelpController.swift */ = {isa = PBXFileReference; lastKnownFileType = sourcecode.swift; path = GetHelpController.swift; sourceTree = "<group>"; };
		3E2FF65F284F99BF006800F2 /* SideMenuElement.swift */ = {isa = PBXFileReference; lastKnownFileType = sourcecode.swift; path = SideMenuElement.swift; sourceTree = "<group>"; };
		3E2FF661284F9B14006800F2 /* SideMenuCell.swift */ = {isa = PBXFileReference; lastKnownFileType = sourcecode.swift; path = SideMenuCell.swift; sourceTree = "<group>"; };
		3E2FF662284F9B14006800F2 /* SideMenuCell.xib */ = {isa = PBXFileReference; lastKnownFileType = file.xib; path = SideMenuCell.xib; sourceTree = "<group>"; };
		3E2FF666284FA816006800F2 /* AboutController.swift */ = {isa = PBXFileReference; lastKnownFileType = sourcecode.swift; path = AboutController.swift; sourceTree = "<group>"; };
		3E2FF668284FA82D006800F2 /* DonateController.swift */ = {isa = PBXFileReference; lastKnownFileType = sourcecode.swift; path = DonateController.swift; sourceTree = "<group>"; };
		3E2FF66A284FA857006800F2 /* FeedBackController.swift */ = {isa = PBXFileReference; lastKnownFileType = sourcecode.swift; path = FeedBackController.swift; sourceTree = "<group>"; };
		3E2FF66C284FA868006800F2 /* ShareController.swift */ = {isa = PBXFileReference; lastKnownFileType = sourcecode.swift; path = ShareController.swift; sourceTree = "<group>"; };
		3E30D0A6285810240035AA6B /* YellowButton.swift */ = {isa = PBXFileReference; lastKnownFileType = sourcecode.swift; path = YellowButton.swift; sourceTree = "<group>"; };
		3E3358672854AEAF009A65E9 /* CustomSegmentedControl.swift */ = {isa = PBXFileReference; lastKnownFileType = sourcecode.swift; path = CustomSegmentedControl.swift; sourceTree = "<group>"; };
		3E36229F285CB97200802C3D /* RoundImageView.swift */ = {isa = PBXFileReference; lastKnownFileType = sourcecode.swift; path = RoundImageView.swift; sourceTree = "<group>"; };
		3E3622F4285DEE3800802C3D /* CustomAlert.swift */ = {isa = PBXFileReference; lastKnownFileType = sourcecode.swift; path = CustomAlert.swift; sourceTree = "<group>"; };
		3E3622F5285DEE3800802C3D /* CustomAlert.xib */ = {isa = PBXFileReference; lastKnownFileType = file.xib; path = CustomAlert.xib; sourceTree = "<group>"; };
		3E4D00B1284A99D40050B9B5 /* Dopomoha.app */ = {isa = PBXFileReference; explicitFileType = wrapper.application; includeInIndex = 0; path = Dopomoha.app; sourceTree = BUILT_PRODUCTS_DIR; };
		3E4D00B4284A99D40050B9B5 /* AppDelegate.swift */ = {isa = PBXFileReference; lastKnownFileType = sourcecode.swift; path = AppDelegate.swift; sourceTree = "<group>"; };
		3E4D00B6284A99D40050B9B5 /* SceneDelegate.swift */ = {isa = PBXFileReference; lastKnownFileType = sourcecode.swift; path = SceneDelegate.swift; sourceTree = "<group>"; };
		3E4D00BB284A99D40050B9B5 /* Base */ = {isa = PBXFileReference; lastKnownFileType = file.storyboard; name = Base; path = Base.lproj/Main.storyboard; sourceTree = "<group>"; };
		3E4D00BE284A99D40050B9B5 /* Dopomoha.xcdatamodel */ = {isa = PBXFileReference; lastKnownFileType = wrapper.xcdatamodel; path = Dopomoha.xcdatamodel; sourceTree = "<group>"; };
		3E4D00C0284A99D60050B9B5 /* Assets.xcassets */ = {isa = PBXFileReference; lastKnownFileType = folder.assetcatalog; path = Assets.xcassets; sourceTree = "<group>"; };
		3E4D00C3284A99D60050B9B5 /* Base */ = {isa = PBXFileReference; lastKnownFileType = file.storyboard; name = Base; path = Base.lproj/LaunchScreen.storyboard; sourceTree = "<group>"; };
		3E4D00C5284A99D60050B9B5 /* Info.plist */ = {isa = PBXFileReference; lastKnownFileType = text.plist.xml; path = Info.plist; sourceTree = "<group>"; };
		3E4D00CB284AA1A90050B9B5 /* SideMenuDetailController.swift */ = {isa = PBXFileReference; lastKnownFileType = sourcecode.swift; path = SideMenuDetailController.swift; sourceTree = "<group>"; };
		3E588CC12853576C00858CD2 /* EditProfileTextField.swift */ = {isa = PBXFileReference; lastKnownFileType = sourcecode.swift; path = EditProfileTextField.swift; sourceTree = "<group>"; };
		3E7B46612858CD3100A25A27 /* MyHelpController.swift */ = {isa = PBXFileReference; lastKnownFileType = sourcecode.swift; path = MyHelpController.swift; sourceTree = "<group>"; };
		3E7B46632858CE5900A25A27 /* File.swift */ = {isa = PBXFileReference; lastKnownFileType = sourcecode.swift; path = File.swift; sourceTree = "<group>"; };
		3E7B46672858D76300A25A27 /* HelpPrototypeCell.swift */ = {isa = PBXFileReference; lastKnownFileType = sourcecode.swift; path = HelpPrototypeCell.swift; sourceTree = "<group>"; };
		3E7B46682858D76300A25A27 /* HelpPrototypeCell.xib */ = {isa = PBXFileReference; lastKnownFileType = file.xib; path = HelpPrototypeCell.xib; sourceTree = "<group>"; };
		3E8A2100284D5085005B0EB1 /* NewQueryController.swift */ = {isa = PBXFileReference; lastKnownFileType = sourcecode.swift; path = NewQueryController.swift; sourceTree = "<group>"; };
		3E8A2102284D53EB005B0EB1 /* NeedHelpController.swift */ = {isa = PBXFileReference; lastKnownFileType = sourcecode.swift; path = NeedHelpController.swift; sourceTree = "<group>"; };
		3E8A210A284D5C59005B0EB1 /* HelpCell.swift */ = {isa = PBXFileReference; lastKnownFileType = sourcecode.swift; path = HelpCell.swift; sourceTree = "<group>"; };
		3EED68922856A59E00534A2A /* CheckBox.swift */ = {isa = PBXFileReference; lastKnownFileType = sourcecode.swift; path = CheckBox.swift; sourceTree = "<group>"; };
		3EED689628576E7800534A2A /* HelpQueryCell.swift */ = {isa = PBXFileReference; lastKnownFileType = sourcecode.swift; path = HelpQueryCell.swift; sourceTree = "<group>"; };
		3EED689728576E7800534A2A /* HelpQueryCell.xib */ = {isa = PBXFileReference; lastKnownFileType = file.xib; path = HelpQueryCell.xib; sourceTree = "<group>"; };
		3EED689A2857851B00534A2A /* CreateQueryController.swift */ = {isa = PBXFileReference; lastKnownFileType = sourcecode.swift; path = CreateQueryController.swift; sourceTree = "<group>"; };
		7CF18DEFF54753271781820C /* Pods-Dopomoha.debug.xcconfig */ = {isa = PBXFileReference; includeInIndex = 1; lastKnownFileType = text.xcconfig; name = "Pods-Dopomoha.debug.xcconfig"; path = "Target Support Files/Pods-Dopomoha/Pods-Dopomoha.debug.xcconfig"; sourceTree = "<group>"; };
		DC5CF6175D9A2014E74A54D0 /* Pods-Dopomoha.release.xcconfig */ = {isa = PBXFileReference; includeInIndex = 1; lastKnownFileType = text.xcconfig; name = "Pods-Dopomoha.release.xcconfig"; path = "Target Support Files/Pods-Dopomoha/Pods-Dopomoha.release.xcconfig"; sourceTree = "<group>"; };
		EDD7A1D695F52F2AA9751FE4 /* Pods_Dopomoha.framework */ = {isa = PBXFileReference; explicitFileType = wrapper.framework; includeInIndex = 0; path = Pods_Dopomoha.framework; sourceTree = BUILT_PRODUCTS_DIR; };
/* End PBXFileReference section */

/* Begin PBXFrameworksBuildPhase section */
		3E4D00AE284A99D40050B9B5 /* Frameworks */ = {
			isa = PBXFrameworksBuildPhase;
			buildActionMask = 2147483647;
			files = (
				D1A56334E3AC96299A78BCAD /* Pods_Dopomoha.framework in Frameworks */,
			);
			runOnlyForDeploymentPostprocessing = 0;
		};
/* End PBXFrameworksBuildPhase section */

/* Begin PBXGroup section */
		3E1DDA352850D65F004AB6BC /* Autorization */ = {
			isa = PBXGroup;
			children = (
				3E1DDA362850D679004AB6BC /* StartViewController.swift */,
				3E1DDA382850D929004AB6BC /* SignUpViewController.swift */,
			);
			path = Autorization;
			sourceTree = "<group>";
		};
		3E1DDA8628529185004AB6BC /* Helper */ = {
			isa = PBXGroup;
			children = (
				3E3622F1285DEE0300802C3D /* CustomAlert */,
				3E1DDA872852919B004AB6BC /* Line.swift */,
				3E588CC12853576C00858CD2 /* EditProfileTextField.swift */,
				3E3358672854AEAF009A65E9 /* CustomSegmentedControl.swift */,
				3EED68922856A59E00534A2A /* CheckBox.swift */,
				3E30D0A6285810240035AA6B /* YellowButton.swift */,
				3E7B46632858CE5900A25A27 /* File.swift */,
				3E36229F285CB97200802C3D /* RoundImageView.swift */,
			);
			path = Helper;
			sourceTree = "<group>";
		};
		3E2B6AC2284D481B001DBD74 /* GetHelp */ = {
			isa = PBXGroup;
			children = (
				3E2B6AC3284D483E001DBD74 /* GetHelpController.swift */,
				3E8A2100284D5085005B0EB1 /* NewQueryController.swift */,
				3EED689A2857851B00534A2A /* CreateQueryController.swift */,
				3E7B46612858CD3100A25A27 /* MyHelpController.swift */,
			);
			path = GetHelp;
			sourceTree = "<group>";
		};
		3E2FF665284FA7EA006800F2 /* ElementsController */ = {
			isa = PBXGroup;
			children = (
				3E2FF666284FA816006800F2 /* AboutController.swift */,
				3E2FF668284FA82D006800F2 /* DonateController.swift */,
				3E2FF66A284FA857006800F2 /* FeedBackController.swift */,
				3E2FF66C284FA868006800F2 /* ShareController.swift */,
			);
			path = ElementsController;
			sourceTree = "<group>";
		};
		3E2FF66E2850D4BD006800F2 /* Application */ = {
			isa = PBXGroup;
			children = (
				3E4D00B6284A99D40050B9B5 /* SceneDelegate.swift */,
				3E4D00B4284A99D40050B9B5 /* AppDelegate.swift */,
			);
			path = Application;
			sourceTree = "<group>";
		};
		3E3622F1285DEE0300802C3D /* CustomAlert */ = {
			isa = PBXGroup;
			children = (
				3E3622F4285DEE3800802C3D /* CustomAlert.swift */,
				3E3622F5285DEE3800802C3D /* CustomAlert.xib */,
			);
			path = CustomAlert;
			sourceTree = "<group>";
		};
		3E3A0B0B2858BEEC00ABFD45 /* Model */ = {
			isa = PBXGroup;
			children = (
			);
			path = Model;
			sourceTree = "<group>";
		};
		3E4D00A8284A99D40050B9B5 = {
			isa = PBXGroup;
			children = (
				3E4D00B3284A99D40050B9B5 /* Dopomoha */,
				3E4D00B2284A99D40050B9B5 /* Products */,
				6EE26151BA1D58C5ED3E95AC /* Pods */,
				B2777FC66BF2E8B4E038819E /* Frameworks */,
			);
			sourceTree = "<group>";
		};
		3E4D00B2284A99D40050B9B5 /* Products */ = {
			isa = PBXGroup;
			children = (
				3E4D00B1284A99D40050B9B5 /* Dopomoha.app */,
			);
			name = Products;
			sourceTree = "<group>";
		};
		3E4D00B3284A99D40050B9B5 /* Dopomoha */ = {
			isa = PBXGroup;
			children = (
				3E3A0B0B2858BEEC00ABFD45 /* Model */,
				3EA72B03285623CC007883DF /* Cell */,
				3E1DDA8628529185004AB6BC /* Helper */,
				3E1DDA352850D65F004AB6BC /* Autorization */,
				3E2FF66E2850D4BD006800F2 /* Application */,
				3E8A2109284D5779005B0EB1 /* NeedHelp */,
				3E2B6AC2284D481B001DBD74 /* GetHelp */,
				3E4D00CD284B6EE10050B9B5 /* SideMenu */,
				3E4D00BA284A99D40050B9B5 /* Main.storyboard */,
				3E4D00C0284A99D60050B9B5 /* Assets.xcassets */,
				3E4D00C2284A99D60050B9B5 /* LaunchScreen.storyboard */,
				3E4D00C5284A99D60050B9B5 /* Info.plist */,
				3E4D00BD284A99D40050B9B5 /* Dopomoha.xcdatamodeld */,
				3E1DDA5F2850EE32004AB6BC /* TabbarController.swift */,
				3E20AA4A2852B274006D7E1D /* EditProfileController.swift */,
			);
			path = Dopomoha;
			sourceTree = "<group>";
		};
		3E4D00CD284B6EE10050B9B5 /* SideMenu */ = {
			isa = PBXGroup;
			children = (
				3E2FF665284FA7EA006800F2 /* ElementsController */,
				3E4D00CB284AA1A90050B9B5 /* SideMenuDetailController.swift */,
				3E2FF65F284F99BF006800F2 /* SideMenuElement.swift */,
				3E2FF661284F9B14006800F2 /* SideMenuCell.swift */,
				3E2FF662284F9B14006800F2 /* SideMenuCell.xib */,
			);
			path = SideMenu;
			sourceTree = "<group>";
		};
		3E8A2109284D5779005B0EB1 /* NeedHelp */ = {
			isa = PBXGroup;
			children = (
				3E8A2102284D53EB005B0EB1 /* NeedHelpController.swift */,
				3E8A210A284D5C59005B0EB1 /* HelpCell.swift */,
			);
			path = NeedHelp;
			sourceTree = "<group>";
		};
		3EA72B03285623CC007883DF /* Cell */ = {
			isa = PBXGroup;
			children = (
				3EED689628576E7800534A2A /* HelpQueryCell.swift */,
				3EED689728576E7800534A2A /* HelpQueryCell.xib */,
				3E7B46672858D76300A25A27 /* HelpPrototypeCell.swift */,
				3E7B46682858D76300A25A27 /* HelpPrototypeCell.xib */,
			);
			path = Cell;
			sourceTree = "<group>";
		};
		6EE26151BA1D58C5ED3E95AC /* Pods */ = {
			isa = PBXGroup;
			children = (
				7CF18DEFF54753271781820C /* Pods-Dopomoha.debug.xcconfig */,
				DC5CF6175D9A2014E74A54D0 /* Pods-Dopomoha.release.xcconfig */,
			);
			path = Pods;
			sourceTree = "<group>";
		};
		B2777FC66BF2E8B4E038819E /* Frameworks */ = {
			isa = PBXGroup;
			children = (
				EDD7A1D695F52F2AA9751FE4 /* Pods_Dopomoha.framework */,
			);
			name = Frameworks;
			sourceTree = "<group>";
		};
/* End PBXGroup section */

/* Begin PBXNativeTarget section */
		3E4D00B0284A99D40050B9B5 /* Dopomoha */ = {
			isa = PBXNativeTarget;
			buildConfigurationList = 3E4D00C8284A99D60050B9B5 /* Build configuration list for PBXNativeTarget "Dopomoha" */;
			buildPhases = (
				A1A9FCAC6ADCCE5135B0719E /* [CP] Check Pods Manifest.lock */,
				3E4D00AD284A99D40050B9B5 /* Sources */,
				3E4D00AE284A99D40050B9B5 /* Frameworks */,
				3E4D00AF284A99D40050B9B5 /* Resources */,
				78916F202BC787B76E3392F1 /* [CP] Embed Pods Frameworks */,
			);
			buildRules = (
			);
			dependencies = (
			);
			name = Dopomoha;
			productName = Dopomoha;
			productReference = 3E4D00B1284A99D40050B9B5 /* Dopomoha.app */;
			productType = "com.apple.product-type.application";
		};
/* End PBXNativeTarget section */

/* Begin PBXProject section */
		3E4D00A9284A99D40050B9B5 /* Project object */ = {
			isa = PBXProject;
			attributes = {
				BuildIndependentTargetsInParallel = 1;
				LastSwiftUpdateCheck = 1330;
				LastUpgradeCheck = 1330;
				TargetAttributes = {
					3E4D00B0284A99D40050B9B5 = {
						CreatedOnToolsVersion = 13.3.1;
					};
				};
			};
			buildConfigurationList = 3E4D00AC284A99D40050B9B5 /* Build configuration list for PBXProject "Dopomoha" */;
			compatibilityVersion = "Xcode 13.0";
			developmentRegion = en;
			hasScannedForEncodings = 0;
			knownRegions = (
				en,
				Base,
			);
			mainGroup = 3E4D00A8284A99D40050B9B5;
			productRefGroup = 3E4D00B2284A99D40050B9B5 /* Products */;
			projectDirPath = "";
			projectRoot = "";
			targets = (
				3E4D00B0284A99D40050B9B5 /* Dopomoha */,
			);
		};
/* End PBXProject section */

/* Begin PBXResourcesBuildPhase section */
		3E4D00AF284A99D40050B9B5 /* Resources */ = {
			isa = PBXResourcesBuildPhase;
			buildActionMask = 2147483647;
			files = (
				3E4D00C4284A99D60050B9B5 /* LaunchScreen.storyboard in Resources */,
				3E7B466A2858D76300A25A27 /* HelpPrototypeCell.xib in Resources */,
				3EED689928576E7800534A2A /* HelpQueryCell.xib in Resources */,
				3E4D00C1284A99D60050B9B5 /* Assets.xcassets in Resources */,
				3E4D00BC284A99D40050B9B5 /* Main.storyboard in Resources */,
				3E2FF664284F9B14006800F2 /* SideMenuCell.xib in Resources */,
				3E3622F7285DEE3800802C3D /* CustomAlert.xib in Resources */,
			);
			runOnlyForDeploymentPostprocessing = 0;
		};
/* End PBXResourcesBuildPhase section */

/* Begin PBXShellScriptBuildPhase section */
		78916F202BC787B76E3392F1 /* [CP] Embed Pods Frameworks */ = {
			isa = PBXShellScriptBuildPhase;
			buildActionMask = 2147483647;
			files = (
			);
			inputFileListPaths = (
				"${PODS_ROOT}/Target Support Files/Pods-Dopomoha/Pods-Dopomoha-frameworks-${CONFIGURATION}-input-files.xcfilelist",
			);
			name = "[CP] Embed Pods Frameworks";
			outputFileListPaths = (
				"${PODS_ROOT}/Target Support Files/Pods-Dopomoha/Pods-Dopomoha-frameworks-${CONFIGURATION}-output-files.xcfilelist",
			);
			runOnlyForDeploymentPostprocessing = 0;
			shellPath = /bin/sh;
			shellScript = "\"${PODS_ROOT}/Target Support Files/Pods-Dopomoha/Pods-Dopomoha-frameworks.sh\"\n";
			showEnvVarsInLog = 0;
		};
		A1A9FCAC6ADCCE5135B0719E /* [CP] Check Pods Manifest.lock */ = {
			isa = PBXShellScriptBuildPhase;
			buildActionMask = 2147483647;
			files = (
			);
			inputFileListPaths = (
			);
			inputPaths = (
				"${PODS_PODFILE_DIR_PATH}/Podfile.lock",
				"${PODS_ROOT}/Manifest.lock",
			);
			name = "[CP] Check Pods Manifest.lock";
			outputFileListPaths = (
			);
			outputPaths = (
				"$(DERIVED_FILE_DIR)/Pods-Dopomoha-checkManifestLockResult.txt",
			);
			runOnlyForDeploymentPostprocessing = 0;
			shellPath = /bin/sh;
			shellScript = "diff \"${PODS_PODFILE_DIR_PATH}/Podfile.lock\" \"${PODS_ROOT}/Manifest.lock\" > /dev/null\nif [ $? != 0 ] ; then\n    # print error to STDERR\n    echo \"error: The sandbox is not in sync with the Podfile.lock. Run 'pod install' or update your CocoaPods installation.\" >&2\n    exit 1\nfi\n# This output is used by Xcode 'outputs' to avoid re-running this script phase.\necho \"SUCCESS\" > \"${SCRIPT_OUTPUT_FILE_0}\"\n";
			showEnvVarsInLog = 0;
		};
/* End PBXShellScriptBuildPhase section */

/* Begin PBXSourcesBuildPhase section */
		3E4D00AD284A99D40050B9B5 /* Sources */ = {
			isa = PBXSourcesBuildPhase;
			buildActionMask = 2147483647;
			files = (
				3E7B46692858D76300A25A27 /* HelpPrototypeCell.swift in Sources */,
				3E4D00BF284A99D40050B9B5 /* Dopomoha.xcdatamodeld in Sources */,
				3E2FF66D284FA868006800F2 /* ShareController.swift in Sources */,
				3E2FF660284F99BF006800F2 /* SideMenuElement.swift in Sources */,
				3E8A2101284D5085005B0EB1 /* NewQueryController.swift in Sources */,
				3E3622A0285CB97200802C3D /* RoundImageView.swift in Sources */,
				3E8A210B284D5C59005B0EB1 /* HelpCell.swift in Sources */,
				3E588CC22853576C00858CD2 /* EditProfileTextField.swift in Sources */,
				3E1DDA392850D929004AB6BC /* SignUpViewController.swift in Sources */,
				3E3622F6285DEE3800802C3D /* CustomAlert.swift in Sources */,
				3E3358682854AEAF009A65E9 /* CustomSegmentedControl.swift in Sources */,
				3EED68932856A59E00534A2A /* CheckBox.swift in Sources */,
				3E7B46642858CE5900A25A27 /* File.swift in Sources */,
				3E2FF667284FA816006800F2 /* AboutController.swift in Sources */,
				3E20AA4B2852B274006D7E1D /* EditProfileController.swift in Sources */,
				3E4D00B5284A99D40050B9B5 /* AppDelegate.swift in Sources */,
				3EED689B2857851B00534A2A /* CreateQueryController.swift in Sources */,
				3E4D00B7284A99D40050B9B5 /* SceneDelegate.swift in Sources */,
				3E7B46622858CD3100A25A27 /* MyHelpController.swift in Sources */,
				3E2FF663284F9B14006800F2 /* SideMenuCell.swift in Sources */,
				3E1DDA372850D679004AB6BC /* StartViewController.swift in Sources */,
				3E2FF669284FA82D006800F2 /* DonateController.swift in Sources */,
				3E4D00CC284AA1A90050B9B5 /* SideMenuDetailController.swift in Sources */,
				3E30D0A7285810240035AA6B /* YellowButton.swift in Sources */,
				3EED689828576E7800534A2A /* HelpQueryCell.swift in Sources */,
				3E2FF66B284FA857006800F2 /* FeedBackController.swift in Sources */,
				3E8A2103284D53EB005B0EB1 /* NeedHelpController.swift in Sources */,
				3E1DDA882852919B004AB6BC /* Line.swift in Sources */,
				3E2B6AC4284D483F001DBD74 /* GetHelpController.swift in Sources */,
				3E1DDA602850EE32004AB6BC /* TabbarController.swift in Sources */,
			);
			runOnlyForDeploymentPostprocessing = 0;
		};
/* End PBXSourcesBuildPhase section */

/* Begin PBXVariantGroup section */
		3E4D00BA284A99D40050B9B5 /* Main.storyboard */ = {
			isa = PBXVariantGroup;
			children = (
				3E4D00BB284A99D40050B9B5 /* Base */,
			);
			name = Main.storyboard;
			sourceTree = "<group>";
		};
		3E4D00C2284A99D60050B9B5 /* LaunchScreen.storyboard */ = {
			isa = PBXVariantGroup;
			children = (
				3E4D00C3284A99D60050B9B5 /* Base */,
			);
			name = LaunchScreen.storyboard;
			sourceTree = "<group>";
		};
/* End PBXVariantGroup section */

/* Begin XCBuildConfiguration section */
		3E4D00C6284A99D60050B9B5 /* Debug */ = {
			isa = XCBuildConfiguration;
			buildSettings = {
				ALWAYS_SEARCH_USER_PATHS = NO;
				CLANG_ANALYZER_NONNULL = YES;
				CLANG_ANALYZER_NUMBER_OBJECT_CONVERSION = YES_AGGRESSIVE;
				CLANG_CXX_LANGUAGE_STANDARD = "gnu++17";
				CLANG_ENABLE_MODULES = YES;
				CLANG_ENABLE_OBJC_ARC = YES;
				CLANG_ENABLE_OBJC_WEAK = YES;
				CLANG_WARN_BLOCK_CAPTURE_AUTORELEASING = YES;
				CLANG_WARN_BOOL_CONVERSION = YES;
				CLANG_WARN_COMMA = YES;
				CLANG_WARN_CONSTANT_CONVERSION = YES;
				CLANG_WARN_DEPRECATED_OBJC_IMPLEMENTATIONS = YES;
				CLANG_WARN_DIRECT_OBJC_ISA_USAGE = YES_ERROR;
				CLANG_WARN_DOCUMENTATION_COMMENTS = YES;
				CLANG_WARN_EMPTY_BODY = YES;
				CLANG_WARN_ENUM_CONVERSION = YES;
				CLANG_WARN_INFINITE_RECURSION = YES;
				CLANG_WARN_INT_CONVERSION = YES;
				CLANG_WARN_NON_LITERAL_NULL_CONVERSION = YES;
				CLANG_WARN_OBJC_IMPLICIT_RETAIN_SELF = YES;
				CLANG_WARN_OBJC_LITERAL_CONVERSION = YES;
				CLANG_WARN_OBJC_ROOT_CLASS = YES_ERROR;
				CLANG_WARN_QUOTED_INCLUDE_IN_FRAMEWORK_HEADER = YES;
				CLANG_WARN_RANGE_LOOP_ANALYSIS = YES;
				CLANG_WARN_STRICT_PROTOTYPES = YES;
				CLANG_WARN_SUSPICIOUS_MOVE = YES;
				CLANG_WARN_UNGUARDED_AVAILABILITY = YES_AGGRESSIVE;
				CLANG_WARN_UNREACHABLE_CODE = YES;
				CLANG_WARN__DUPLICATE_METHOD_MATCH = YES;
				COPY_PHASE_STRIP = NO;
				DEBUG_INFORMATION_FORMAT = dwarf;
				ENABLE_STRICT_OBJC_MSGSEND = YES;
				ENABLE_TESTABILITY = YES;
				GCC_C_LANGUAGE_STANDARD = gnu11;
				GCC_DYNAMIC_NO_PIC = NO;
				GCC_NO_COMMON_BLOCKS = YES;
				GCC_OPTIMIZATION_LEVEL = 0;
				GCC_PREPROCESSOR_DEFINITIONS = (
					"DEBUG=1",
					"$(inherited)",
				);
				GCC_WARN_64_TO_32_BIT_CONVERSION = YES;
				GCC_WARN_ABOUT_RETURN_TYPE = YES_ERROR;
				GCC_WARN_UNDECLARED_SELECTOR = YES;
				GCC_WARN_UNINITIALIZED_AUTOS = YES_AGGRESSIVE;
				GCC_WARN_UNUSED_FUNCTION = YES;
				GCC_WARN_UNUSED_VARIABLE = YES;
				IPHONEOS_DEPLOYMENT_TARGET = 15.4;
				MTL_ENABLE_DEBUG_INFO = INCLUDE_SOURCE;
				MTL_FAST_MATH = YES;
				ONLY_ACTIVE_ARCH = YES;
				SDKROOT = iphoneos;
				SWIFT_ACTIVE_COMPILATION_CONDITIONS = DEBUG;
				SWIFT_OPTIMIZATION_LEVEL = "-Onone";
			};
			name = Debug;
		};
		3E4D00C7284A99D60050B9B5 /* Release */ = {
			isa = XCBuildConfiguration;
			buildSettings = {
				ALWAYS_SEARCH_USER_PATHS = NO;
				CLANG_ANALYZER_NONNULL = YES;
				CLANG_ANALYZER_NUMBER_OBJECT_CONVERSION = YES_AGGRESSIVE;
				CLANG_CXX_LANGUAGE_STANDARD = "gnu++17";
				CLANG_ENABLE_MODULES = YES;
				CLANG_ENABLE_OBJC_ARC = YES;
				CLANG_ENABLE_OBJC_WEAK = YES;
				CLANG_WARN_BLOCK_CAPTURE_AUTORELEASING = YES;
				CLANG_WARN_BOOL_CONVERSION = YES;
				CLANG_WARN_COMMA = YES;
				CLANG_WARN_CONSTANT_CONVERSION = YES;
				CLANG_WARN_DEPRECATED_OBJC_IMPLEMENTATIONS = YES;
				CLANG_WARN_DIRECT_OBJC_ISA_USAGE = YES_ERROR;
				CLANG_WARN_DOCUMENTATION_COMMENTS = YES;
				CLANG_WARN_EMPTY_BODY = YES;
				CLANG_WARN_ENUM_CONVERSION = YES;
				CLANG_WARN_INFINITE_RECURSION = YES;
				CLANG_WARN_INT_CONVERSION = YES;
				CLANG_WARN_NON_LITERAL_NULL_CONVERSION = YES;
				CLANG_WARN_OBJC_IMPLICIT_RETAIN_SELF = YES;
				CLANG_WARN_OBJC_LITERAL_CONVERSION = YES;
				CLANG_WARN_OBJC_ROOT_CLASS = YES_ERROR;
				CLANG_WARN_QUOTED_INCLUDE_IN_FRAMEWORK_HEADER = YES;
				CLANG_WARN_RANGE_LOOP_ANALYSIS = YES;
				CLANG_WARN_STRICT_PROTOTYPES = YES;
				CLANG_WARN_SUSPICIOUS_MOVE = YES;
				CLANG_WARN_UNGUARDED_AVAILABILITY = YES_AGGRESSIVE;
				CLANG_WARN_UNREACHABLE_CODE = YES;
				CLANG_WARN__DUPLICATE_METHOD_MATCH = YES;
				COPY_PHASE_STRIP = NO;
				DEBUG_INFORMATION_FORMAT = "dwarf-with-dsym";
				ENABLE_NS_ASSERTIONS = NO;
				ENABLE_STRICT_OBJC_MSGSEND = YES;
				GCC_C_LANGUAGE_STANDARD = gnu11;
				GCC_NO_COMMON_BLOCKS = YES;
				GCC_WARN_64_TO_32_BIT_CONVERSION = YES;
				GCC_WARN_ABOUT_RETURN_TYPE = YES_ERROR;
				GCC_WARN_UNDECLARED_SELECTOR = YES;
				GCC_WARN_UNINITIALIZED_AUTOS = YES_AGGRESSIVE;
				GCC_WARN_UNUSED_FUNCTION = YES;
				GCC_WARN_UNUSED_VARIABLE = YES;
				IPHONEOS_DEPLOYMENT_TARGET = 15.4;
				MTL_ENABLE_DEBUG_INFO = NO;
				MTL_FAST_MATH = YES;
				SDKROOT = iphoneos;
				SWIFT_COMPILATION_MODE = wholemodule;
				SWIFT_OPTIMIZATION_LEVEL = "-O";
				VALIDATE_PRODUCT = YES;
			};
			name = Release;
		};
		3E4D00C9284A99D60050B9B5 /* Debug */ = {
			isa = XCBuildConfiguration;
			baseConfigurationReference = 7CF18DEFF54753271781820C /* Pods-Dopomoha.debug.xcconfig */;
			buildSettings = {
				ASSETCATALOG_COMPILER_APPICON_NAME = AppIcon;
				ASSETCATALOG_COMPILER_GLOBAL_ACCENT_COLOR_NAME = AccentColor;
				CODE_SIGN_STYLE = Automatic;
				CURRENT_PROJECT_VERSION = 1;
				DEVELOPMENT_TEAM = 6R9469NYK4;
				GENERATE_INFOPLIST_FILE = YES;
				INFOPLIST_FILE = Dopomoha/Info.plist;
				INFOPLIST_KEY_UIApplicationSupportsIndirectInputEvents = YES;
				INFOPLIST_KEY_UILaunchStoryboardName = LaunchScreen;
				INFOPLIST_KEY_UIMainStoryboardFile = Main;
				INFOPLIST_KEY_UISupportedInterfaceOrientations = UIInterfaceOrientationPortrait;
				INFOPLIST_KEY_UISupportedInterfaceOrientations_iPad = "UIInterfaceOrientationPortrait UIInterfaceOrientationPortraitUpsideDown UIInterfaceOrientationLandscapeLeft UIInterfaceOrientationLandscapeRight";
				INFOPLIST_KEY_UISupportedInterfaceOrientations_iPhone = "UIInterfaceOrientationPortrait UIInterfaceOrientationLandscapeLeft UIInterfaceOrientationLandscapeRight";
				LD_RUNPATH_SEARCH_PATHS = (
					"$(inherited)",
					"@executable_path/Frameworks",
				);
				MARKETING_VERSION = 1.0;
				PRODUCT_BUNDLE_IDENTIFIER = vyach.gudzenko.Dopomoha;
				PRODUCT_NAME = "$(TARGET_NAME)";
				SWIFT_EMIT_LOC_STRINGS = YES;
				SWIFT_VERSION = 5.0;
				TARGETED_DEVICE_FAMILY = "1,2";
			};
			name = Debug;
		};
		3E4D00CA284A99D60050B9B5 /* Release */ = {
			isa = XCBuildConfiguration;
			baseConfigurationReference = DC5CF6175D9A2014E74A54D0 /* Pods-Dopomoha.release.xcconfig */;
			buildSettings = {
				ASSETCATALOG_COMPILER_APPICON_NAME = AppIcon;
				ASSETCATALOG_COMPILER_GLOBAL_ACCENT_COLOR_NAME = AccentColor;
				CODE_SIGN_STYLE = Automatic;
				CURRENT_PROJECT_VERSION = 1;
				DEVELOPMENT_TEAM = 6R9469NYK4;
				GENERATE_INFOPLIST_FILE = YES;
				INFOPLIST_FILE = Dopomoha/Info.plist;
				INFOPLIST_KEY_UIApplicationSupportsIndirectInputEvents = YES;
				INFOPLIST_KEY_UILaunchStoryboardName = LaunchScreen;
				INFOPLIST_KEY_UIMainStoryboardFile = Main;
				INFOPLIST_KEY_UISupportedInterfaceOrientations = UIInterfaceOrientationPortrait;
				INFOPLIST_KEY_UISupportedInterfaceOrientations_iPad = "UIInterfaceOrientationPortrait UIInterfaceOrientationPortraitUpsideDown UIInterfaceOrientationLandscapeLeft UIInterfaceOrientationLandscapeRight";
				INFOPLIST_KEY_UISupportedInterfaceOrientations_iPhone = "UIInterfaceOrientationPortrait UIInterfaceOrientationLandscapeLeft UIInterfaceOrientationLandscapeRight";
				LD_RUNPATH_SEARCH_PATHS = (
					"$(inherited)",
					"@executable_path/Frameworks",
				);
				MARKETING_VERSION = 1.0;
				PRODUCT_BUNDLE_IDENTIFIER = vyach.gudzenko.Dopomoha;
				PRODUCT_NAME = "$(TARGET_NAME)";
				SWIFT_EMIT_LOC_STRINGS = YES;
				SWIFT_VERSION = 5.0;
				TARGETED_DEVICE_FAMILY = "1,2";
			};
			name = Release;
		};
/* End XCBuildConfiguration section */

/* Begin XCConfigurationList section */
		3E4D00AC284A99D40050B9B5 /* Build configuration list for PBXProject "Dopomoha" */ = {
			isa = XCConfigurationList;
			buildConfigurations = (
				3E4D00C6284A99D60050B9B5 /* Debug */,
				3E4D00C7284A99D60050B9B5 /* Release */,
			);
			defaultConfigurationIsVisible = 0;
			defaultConfigurationName = Release;
		};
		3E4D00C8284A99D60050B9B5 /* Build configuration list for PBXNativeTarget "Dopomoha" */ = {
			isa = XCConfigurationList;
			buildConfigurations = (
				3E4D00C9284A99D60050B9B5 /* Debug */,
				3E4D00CA284A99D60050B9B5 /* Release */,
			);
			defaultConfigurationIsVisible = 0;
			defaultConfigurationName = Release;
		};
/* End XCConfigurationList section */

/* Begin XCVersionGroup section */
		3E4D00BD284A99D40050B9B5 /* Dopomoha.xcdatamodeld */ = {
			isa = XCVersionGroup;
			children = (
				3E4D00BE284A99D40050B9B5 /* Dopomoha.xcdatamodel */,
			);
			currentVersion = 3E4D00BE284A99D40050B9B5 /* Dopomoha.xcdatamodel */;
			path = Dopomoha.xcdatamodeld;
			sourceTree = "<group>";
			versionGroupType = wrapper.xcdatamodel;
		};
/* End XCVersionGroup section */
	};
	rootObject = 3E4D00A9284A99D40050B9B5 /* Project object */;
}
